version = 1
revision = 1
requires-python = ">=3.11"

[[package]]
name = "faker"
version = "37.0.2"
source = { registry = "https://pypi.org/simple" }
dependencies = [
    { name = "tzdata" },
]
sdist = { url = "https://files.pythonhosted.org/packages/37/62/80f15fe1b5abf3e5b09815178d7eb63a150fc7fcfebd5271ca4aab1d885a/faker-37.0.2.tar.gz", hash = "sha256:948bd27706478d3aa0b6f9f58b9f25207098f6ca79852c7b49c44a8ced2bc59b", size = 1875441 }
wheels = [
    { url = "https://files.pythonhosted.org/packages/a9/8b/b738d3d79ee4502ca966a2a4fa6833c11f50130127bdd57729e9b29c6d2f/faker-37.0.2-py3-none-any.whl", hash = "sha256:8955706c56c28099585e9e2b6f814eb0a3a227eb36a2ee3eb9ab577c4764eacc", size = 1918397 },
]

[[package]]
name = "ilc-provider"
version = "0.1.0"
source = { editable = "." }
dependencies = [
    { name = "faker" },
]

[package.metadata]
requires-dist = [{ name = "faker", specifier = ">=37.0.2" }]

[[package]]
name = "tzdata"
version = "2025.1"
source = { registry = "https://pypi.org/simple" }
sdist = { url = "https://files.pythonhosted.org/packages/43/0f/fa4723f22942480be4ca9527bbde8d43f6c3f2fe8412f00e7f5f6746bc8b/tzdata-2025.1.tar.gz", hash = "sha256:24894909e88cdb28bd1636c6887801df64cb485bd593f2fd83ef29075a81d694", size = 194950 }
wheels = [
    { url = "https://files.pythonhosted.org/packages/0f/dd/84f10e23edd882c6f968c21c2434fe67bd4a528967067515feca9e611e5e/tzdata-2025.1-py2.py3-none-any.whl", hash = "sha256:7e127113816800496f027041c570f50bcd464a020098a3b6b199517772303639", size = 346762 },
]
